
Microsoft Visual Studio Solution File, Format Version 11.00
# Visual Studio 2010
Project("{FAE04EC0-301F-11D3-BF4B-00C04F79EFBC}") = "SpoonsAdventure", "SpoonsAdventure\SpoonsAdventure\SpoonsAdventure.csproj", "{084484C1-C49C-458C-85E3-C1A9C9D40BBA}"
EndProject
Project("{FAE04EC0-301F-11D3-BF4B-00C04F79EFBC}") = "SpoonsAdventureContent", "SpoonsAdventure\SpoonsAdventureContent\SpoonsAdventureContent.contentproj", "{CBD8DF3B-9366-41F5-BC2C-009F3E83F589}"
EndProject
Project("{FAE04EC0-301F-11D3-BF4B-00C04F79EFBC}") = "Xbox 360 Copy of SpoonsAdventure", "SpoonsAdventure\SpoonsAdventure\Xbox 360 Copy of SpoonsAdventure.csproj", "{FB7C7E31-392B-459E-8B25-14A9B6FF0CD2}"
EndProject
Global
	GlobalSection(SolutionConfigurationPlatforms) = preSolution
		Debug|Mixed Platforms = Debug|Mixed Platforms
		Debug|x86 = Debug|x86
		Debug|Xbox 360 = Debug|Xbox 360
		Release|Mixed Platforms = Release|Mixed Platforms
		Release|x86 = Release|x86
		Release|Xbox 360 = Release|Xbox 360
	EndGlobalSection
	GlobalSection(ProjectConfigurationPlatforms) = postSolution
		{084484C1-C49C-458C-85E3-C1A9C9D40BBA}.Debug|Mixed Platforms.ActiveCfg = Debug|x86
		{084484C1-C49C-458C-85E3-C1A9C9D40BBA}.Debug|Mixed Platforms.Build.0 = Debug|x86
		{084484C1-C49C-458C-85E3-C1A9C9D40BBA}.Debug|x86.ActiveCfg = Debug|x86
		{084484C1-C49C-458C-85E3-C1A9C9D40BBA}.Debug|x86.Build.0 = Debug|x86
		{084484C1-C49C-458C-85E3-C1A9C9D40BBA}.Debug|Xbox 360.ActiveCfg = Debug|x86
		{084484C1-C49C-458C-85E3-C1A9C9D40BBA}.Debug|Xbox 360.Build.0 = Debug|x86
		{084484C1-C49C-458C-85E3-C1A9C9D40BBA}.Release|Mixed Platforms.ActiveCfg = Release|x86
		{084484C1-C49C-458C-85E3-C1A9C9D40BBA}.Release|Mixed Platforms.Build.0 = Release|x86
		{084484C1-C49C-458C-85E3-C1A9C9D40BBA}.Release|x86.ActiveCfg = Release|x86
		{084484C1-C49C-458C-85E3-C1A9C9D40BBA}.Release|x86.Build.0 = Release|x86
		{084484C1-C49C-458C-85E3-C1A9C9D40BBA}.Release|Xbox 360.ActiveCfg = Release|x86
		{084484C1-C49C-458C-85E3-C1A9C9D40BBA}.Release|Xbox 360.Build.0 = Release|x86
		{CBD8DF3B-9366-41F5-BC2C-009F3E83F589}.Debug|Mixed Platforms.ActiveCfg = Debug|x86
		{CBD8DF3B-9366-41F5-BC2C-009F3E83F589}.Debug|x86.ActiveCfg = Debug|x86
		{CBD8DF3B-9366-41F5-BC2C-009F3E83F589}.Debug|Xbox 360.ActiveCfg = Debug|x86
		{CBD8DF3B-9366-41F5-BC2C-009F3E83F589}.Release|Mixed Platforms.ActiveCfg = Release|x86
		{CBD8DF3B-9366-41F5-BC2C-009F3E83F589}.Release|x86.ActiveCfg = Release|x86
		{CBD8DF3B-9366-41F5-BC2C-009F3E83F589}.Release|Xbox 360.ActiveCfg = Release|x86
		{FB7C7E31-392B-459E-8B25-14A9B6FF0CD2}.Debug|Mixed Platforms.ActiveCfg = Debug|Xbox 360
		{FB7C7E31-392B-459E-8B25-14A9B6FF0CD2}.Debug|Mixed Platforms.Build.0 = Debug|Xbox 360
		{FB7C7E31-392B-459E-8B25-14A9B6FF0CD2}.Debug|Mixed Platforms.Deploy.0 = Debug|Xbox 360
		{FB7C7E31-392B-459E-8B25-14A9B6FF0CD2}.Debug|x86.ActiveCfg = Debug|Xbox 360
		{FB7C7E31-392B-459E-8B25-14A9B6FF0CD2}.Debug|x86.Build.0 = Debug|Xbox 360
		{FB7C7E31-392B-459E-8B25-14A9B6FF0CD2}.Debug|Xbox 360.ActiveCfg = Debug|Xbox 360
		{FB7C7E31-392B-459E-8B25-14A9B6FF0CD2}.Debug|Xbox 360.Build.0 = Debug|Xbox 360
		{FB7C7E31-392B-459E-8B25-14A9B6FF0CD2}.Debug|Xbox 360.Deploy.0 = Debug|Xbox 360
		{FB7C7E31-392B-459E-8B25-14A9B6FF0CD2}.Release|Mixed Platforms.ActiveCfg = Release|Xbox 360
		{FB7C7E31-392B-459E-8B25-14A9B6FF0CD2}.Release|Mixed Platforms.Build.0 = Release|Xbox 360
		{FB7C7E31-392B-459E-8B25-14A9B6FF0CD2}.Release|Mixed Platforms.Deploy.0 = Release|Xbox 360
		{FB7C7E31-392B-459E-8B25-14A9B6FF0CD2}.Release|x86.ActiveCfg = Release|Xbox 360
		{FB7C7E31-392B-459E-8B25-14A9B6FF0CD2}.Release|x86.Build.0 = Release|Xbox 360
		{FB7C7E31-392B-459E-8B25-14A9B6FF0CD2}.Release|Xbox 360.ActiveCfg = Release|Xbox 360
		{FB7C7E31-392B-459E-8B25-14A9B6FF0CD2}.Release|Xbox 360.Build.0 = Release|Xbox 360
		{FB7C7E31-392B-459E-8B25-14A9B6FF0CD2}.Release|Xbox 360.Deploy.0 = Release|Xbox 360
	EndGlobalSection
	GlobalSection(SolutionProperties) = preSolution
		HideSolutionNode = FALSE
	EndGlobalSection
EndGlobal
